
Microsoft Visual Studio Solution File, Format Version 12.00
# Visual Studio 15
VisualStudioVersion = 15.0.28307.1145
MinimumVisualStudioVersion = 10.0.40219.1
Project("{FAE04EC0-301F-11D3-BF4B-00C04F79EFBC}") = "Iterate", "Iterate\Iterate.csproj", "{FAA02E17-69D1-4C50-998C-82487C058FE6}"
EndProject
Project("{930C7802-8A8C-48F9-8165-68863BCCD9DD}") = "IterateSetup", "IterateSetup\IterateSetup.wixproj", "{64A8845F-7AD8-43B5-A3B0-129813FE709D}"
EndProject
Global
	GlobalSection(SolutionConfigurationPlatforms) = preSolution
		Debug|Any CPU = Debug|Any CPU
		Debug|x86 = Debug|x86
		Release|Any CPU = Release|Any CPU
		Release|x86 = Release|x86
	EndGlobalSection
	GlobalSection(ProjectConfigurationPlatforms) = postSolution
		{FAA02E17-69D1-4C50-998C-82487C058FE6}.Debug|Any CPU.ActiveCfg = Debug|Any CPU
		{FAA02E17-69D1-4C50-998C-82487C058FE6}.Debug|Any CPU.Build.0 = Debug|Any CPU
		{FAA02E17-69D1-4C50-998C-82487C058FE6}.Debug|x86.ActiveCfg = Debug|Any CPU
		{FAA02E17-69D1-4C50-998C-82487C058FE6}.Debug|x86.Build.0 = Debug|Any CPU
		{FAA02E17-69D1-4C50-998C-82487C058FE6}.Release|Any CPU.ActiveCfg = Release|Any CPU
		{FAA02E17-69D1-4C50-998C-82487C058FE6}.Release|Any CPU.Build.0 = Release|Any CPU
		{FAA02E17-69D1-4C50-998C-82487C058FE6}.Release|x86.ActiveCfg = Release|Any CPU
		{FAA02E17-69D1-4C50-998C-82487C058FE6}.Release|x86.Build.0 = Release|Any CPU
		{64A8845F-7AD8-43B5-A3B0-129813FE709D}.Debug|Any CPU.ActiveCfg = Debug|x86
		{64A8845F-7AD8-43B5-A3B0-129813FE709D}.Debug|x86.ActiveCfg = Debug|x86
		{64A8845F-7AD8-43B5-A3B0-129813FE709D}.Release|Any CPU.ActiveCfg = Release|x86
		{64A8845F-7AD8-43B5-A3B0-129813FE709D}.Release|x86.ActiveCfg = Release|x86
		{64A8845F-7AD8-43B5-A3B0-129813FE709D}.Release|x86.Build.0 = Release|x86
	EndGlobalSection
	GlobalSection(SolutionProperties) = preSolution
		HideSolutionNode = FALSE
	EndGlobalSection
	GlobalSection(ExtensibilityGlobals) = postSolution
		SolutionGuid = {6B272C0D-E1AC-4B7B-A58C-156DD1A13FFD}
	EndGlobalSection
EndGlobal
